
Microsoft Visual Studio Solution File, Format Version 12.00
# Visual Studio 15
Project("{FAE04EC0-301F-11D3-BF4B-00C04F79EFBC}") = "Assembly-CSharp", "Assembly-CSharp.csproj", "{812049F8-7804-25B7-BB35-C02185CF5F15}"
EndProject
Project("{FAE04EC0-301F-11D3-BF4B-00C04F79EFBC}") = "Assembly-CSharp-Editor", "Assembly-CSharp-Editor.csproj", "{2A5D592F-DA10-387E-2C79-BC0BE000141D}"
EndProject
Global
	GlobalSection(SolutionConfigurationPlatforms) = preSolution
		Debug|Any CPU = Debug|Any CPU
		Release|Any CPU = Release|Any CPU
	EndGlobalSection
	GlobalSection(ProjectConfigurationPlatforms) = postSolution
		{812049F8-7804-25B7-BB35-C02185CF5F15}.Debug|Any CPU.ActiveCfg = Debug|Any CPU
		{812049F8-7804-25B7-BB35-C02185CF5F15}.Debug|Any CPU.Build.0 = Debug|Any CPU
		{812049F8-7804-25B7-BB35-C02185CF5F15}.Release|Any CPU.ActiveCfg = Release|Any CPU
		{812049F8-7804-25B7-BB35-C02185CF5F15}.Release|Any CPU.Build.0 = Release|Any CPU
		{2A5D592F-DA10-387E-2C79-BC0BE000141D}.Debug|Any CPU.ActiveCfg = Debug|Any CPU
		{2A5D592F-DA10-387E-2C79-BC0BE000141D}.Debug|Any CPU.Build.0 = Debug|Any CPU
		{2A5D592F-DA10-387E-2C79-BC0BE000141D}.Release|Any CPU.ActiveCfg = Release|Any CPU
		{2A5D592F-DA10-387E-2C79-BC0BE000141D}.Release|Any CPU.Build.0 = Release|Any CPU
	EndGlobalSection
	GlobalSection(SolutionProperties) = preSolution
		HideSolutionNode = FALSE
	EndGlobalSection
	GlobalSection(MonoDevelopProperties) = preSolution
		StartupItem = Assembly-CSharp.csproj
	EndGlobalSection
EndGlobal
